
Microsoft Visual Studio Solution File, Format Version 12.00
# Visual Studio 15
VisualStudioVersion = 15.0.28307.1082
MinimumVisualStudioVersion = 10.0.40219.1
Project("{FAE04EC0-301F-11D3-BF4B-00C04F79EFBC}") = "task7", "task7\task7.csproj", "{D66FE70B-3B93-4147-BA34-5A0F3E31F7D6}"
EndProject
Global
	GlobalSection(SolutionConfigurationPlatforms) = preSolution
		Debug|Any CPU = Debug|Any CPU
		Release|Any CPU = Release|Any CPU
	EndGlobalSection
	GlobalSection(ProjectConfigurationPlatforms) = postSolution
		{D66FE70B-3B93-4147-BA34-5A0F3E31F7D6}.Debug|Any CPU.ActiveCfg = Debug|Any CPU
		{D66FE70B-3B93-4147-BA34-5A0F3E31F7D6}.Debug|Any CPU.Build.0 = Debug|Any CPU
		{D66FE70B-3B93-4147-BA34-5A0F3E31F7D6}.Release|Any CPU.ActiveCfg = Release|Any CPU
		{D66FE70B-3B93-4147-BA34-5A0F3E31F7D6}.Release|Any CPU.Build.0 = Release|Any CPU
	EndGlobalSection
	GlobalSection(SolutionProperties) = preSolution
		HideSolutionNode = FALSE
	EndGlobalSection
	GlobalSection(ExtensibilityGlobals) = postSolution
		SolutionGuid = {00404B43-CB34-4682-97F1-1C7A57F50A8E}
	EndGlobalSection
EndGlobal
